
Microsoft Visual Studio Solution File, Format Version 12.00
# Visual Studio Version 17
VisualStudioVersion = 17.4.33205.214
MinimumVisualStudioVersion = 10.0.40219.1
Project("{9092AA53-FB77-4645-B42D-1CCCA6BD08BD}") = "EcommerceSite", "EcommerceSite.njsproj", "{11223205-5C45-45F1-87EA-51B5824E35B6}"
EndProject
Global
	GlobalSection(SolutionConfigurationPlatforms) = preSolution
		Debug|Any CPU = Debug|Any CPU
		Release|Any CPU = Release|Any CPU
	EndGlobalSection
	GlobalSection(ProjectConfigurationPlatforms) = postSolution
		{11223205-5C45-45F1-87EA-51B5824E35B6}.Debug|Any CPU.ActiveCfg = Debug|Any CPU
		{11223205-5C45-45F1-87EA-51B5824E35B6}.Debug|Any CPU.Build.0 = Debug|Any CPU
		{11223205-5C45-45F1-87EA-51B5824E35B6}.Release|Any CPU.ActiveCfg = Release|Any CPU
		{11223205-5C45-45F1-87EA-51B5824E35B6}.Release|Any CPU.Build.0 = Release|Any CPU
	EndGlobalSection
	GlobalSection(SolutionProperties) = preSolution
		HideSolutionNode = FALSE
	EndGlobalSection
	GlobalSection(ExtensibilityGlobals) = postSolution
		SolutionGuid = {E8B9EEF5-7F41-47B2-8EEE-F0215A7C8098}
	EndGlobalSection
EndGlobal
